{
  "requires": true,
  "lockfileVersion": 1,
  "dependencies": {
    "@angular/animations": {
      "version": "12.2.12",
      "resolved": "https://registry.npmjs.org/@angular/animations/-/animations-12.2.12.tgz",
      "integrity": "sha512-RoBFfEfQ/obvILFwKUrZipEAkBYTIS4aHQ76+W3v2YWKaWVHKjBM3xGOik2ION2IIUIuqui3FCYOu7HVLTjCQA==",
      "requires": {
        "tslib": "^2.2.0"
      }
    },
    "ngx-toastr": {
      "version": "14.1.4",
      "resolved": "https://registry.npmjs.org/ngx-toastr/-/ngx-toastr-14.1.4.tgz",
      "integrity": "sha512-t1/9r+pOXm65LIl0gevvFat6XIl0g3tMA8UOArFjI4ta/nGwDe/14J/f4cZvOBDcomedvjvGAWi+d/2URdSTBg==",
      "requires": {
        "tslib": "^2.2.0"
      }
    },
    "tslib": {
      "version": "2.3.1",
      "resolved": "https://registry.npmjs.org/tslib/-/tslib-2.3.1.tgz",
      "integrity": "sha512-77EbyPPpMz+FRFRuAFlWMtmgUWGe9UOG2Z25NqCwiIjRhOf5iKGuzSe5P2w1laq+FkRy4p+PCuVkJSGkzTEKVw=="
    }
  }
}
