
Microsoft Visual Studio Solution File, Format Version 12.00
# Visual Studio Version 16
VisualStudioVersion = 16.0.31729.503
MinimumVisualStudioVersion = 10.0.40219.1
Project("{9A19103F-16F7-4668-BE54-9A1E7A4F7556}") = "WebApplication3", "WebApplication3\WebApplication3.csproj", "{DC75F2CA-983F-4123-BBAF-C13708885B3B}"
EndProject
Global
	GlobalSection(SolutionConfigurationPlatforms) = preSolution
		Debug|Any CPU = Debug|Any CPU
		Release|Any CPU = Release|Any CPU
	EndGlobalSection
	GlobalSection(ProjectConfigurationPlatforms) = postSolution
		{DC75F2CA-983F-4123-BBAF-C13708885B3B}.Debug|Any CPU.ActiveCfg = Debug|Any CPU
		{DC75F2CA-983F-4123-BBAF-C13708885B3B}.Debug|Any CPU.Build.0 = Debug|Any CPU
		{DC75F2CA-983F-4123-BBAF-C13708885B3B}.Release|Any CPU.ActiveCfg = Release|Any CPU
		{DC75F2CA-983F-4123-BBAF-C13708885B3B}.Release|Any CPU.Build.0 = Release|Any CPU
	EndGlobalSection
	GlobalSection(SolutionProperties) = preSolution
		HideSolutionNode = FALSE
	EndGlobalSection
	GlobalSection(ExtensibilityGlobals) = postSolution
		SolutionGuid = {4CD053CC-AFAE-470A-AF5C-B15D25EC02DA}
	EndGlobalSection
EndGlobal
